
Microsoft Visual Studio Solution File, Format Version 12.00
# Visual Studio Version 16
VisualStudioVersion = 16.0.31005.135
MinimumVisualStudioVersion = 10.0.40219.1
Project("{FAE04EC0-301F-11D3-BF4B-00C04F79EFBC}") = "eBiletix", "eBiletix\eBiletix.csproj", "{D9467945-DB6F-46DA-98FA-8961D2B0284E}"
EndProject
Global
	GlobalSection(SolutionConfigurationPlatforms) = preSolution
		Debug|Any CPU = Debug|Any CPU
		Release|Any CPU = Release|Any CPU
	EndGlobalSection
	GlobalSection(ProjectConfigurationPlatforms) = postSolution
		{D9467945-DB6F-46DA-98FA-8961D2B0284E}.Debug|Any CPU.ActiveCfg = Debug|Any CPU
		{D9467945-DB6F-46DA-98FA-8961D2B0284E}.Debug|Any CPU.Build.0 = Debug|Any CPU
		{D9467945-DB6F-46DA-98FA-8961D2B0284E}.Release|Any CPU.ActiveCfg = Release|Any CPU
		{D9467945-DB6F-46DA-98FA-8961D2B0284E}.Release|Any CPU.Build.0 = Release|Any CPU
	EndGlobalSection
	GlobalSection(SolutionProperties) = preSolution
		HideSolutionNode = FALSE
	EndGlobalSection
	GlobalSection(ExtensibilityGlobals) = postSolution
		SolutionGuid = {83F72351-C058-42CF-8982-61C193DAFB3F}
	EndGlobalSection
EndGlobal
